
Microsoft Visual Studio Solution File, Format Version 12.00
# Visual Studio Version 17
VisualStudioVersion = 17.4.33213.308
MinimumVisualStudioVersion = 10.0.40219.1
Project("{FAE04EC0-301F-11D3-BF4B-00C04F79EFBC}") = "demomvc", "demomvc\demomvc.csproj", "{FA108E01-63BA-46F3-BE48-74BF1EF096A5}"
EndProject
Global
	GlobalSection(SolutionConfigurationPlatforms) = preSolution
		Debug|Any CPU = Debug|Any CPU
		Release|Any CPU = Release|Any CPU
	EndGlobalSection
	GlobalSection(ProjectConfigurationPlatforms) = postSolution
		{FA108E01-63BA-46F3-BE48-74BF1EF096A5}.Debug|Any CPU.ActiveCfg = Debug|Any CPU
		{FA108E01-63BA-46F3-BE48-74BF1EF096A5}.Debug|Any CPU.Build.0 = Debug|Any CPU
		{FA108E01-63BA-46F3-BE48-74BF1EF096A5}.Release|Any CPU.ActiveCfg = Release|Any CPU
		{FA108E01-63BA-46F3-BE48-74BF1EF096A5}.Release|Any CPU.Build.0 = Release|Any CPU
	EndGlobalSection
	GlobalSection(SolutionProperties) = preSolution
		HideSolutionNode = FALSE
	EndGlobalSection
	GlobalSection(ExtensibilityGlobals) = postSolution
		SolutionGuid = {AD4E1BFB-9B37-4435-90F9-DCFAC26A8BA0}
	EndGlobalSection
EndGlobal
